// !$*UTF8*$!
{
	archiveVersion = 1;
	classes = {
	};
	objectVersion = 55;
	objects = {

/* Begin PBXBuildFile section */
		1D424B5227F50228004715BC /* SmartChatApp.swift in Sources */ = {isa = PBXBuildFile; fileRef = 1D424B5127F50228004715BC /* SmartChatApp.swift */; };
		1D424B5427F50228004715BC /* ContentView.swift in Sources */ = {isa = PBXBuildFile; fileRef = 1D424B5327F50228004715BC /* ContentView.swift */; };
		1D424B5627F5022A004715BC /* Assets.xcassets in Resources */ = {isa = PBXBuildFile; fileRef = 1D424B5527F5022A004715BC /* Assets.xcassets */; };
		1D424B5927F5022A004715BC /* Preview Assets.xcassets in Resources */ = {isa = PBXBuildFile; fileRef = 1D424B5827F5022A004715BC /* Preview Assets.xcassets */; };
		1D424B6027F5025C004715BC /* StoreSmartChat.swift in Sources */ = {isa = PBXBuildFile; fileRef = 1D424B5F27F5025C004715BC /* StoreSmartChat.swift */; };
		1D424B6227F5026D004715BC /* ModelSmartChat.swift in Sources */ = {isa = PBXBuildFile; fileRef = 1D424B6127F5026D004715BC /* ModelSmartChat.swift */; };
		1DC060D927F75203003D4E17 /* TripleTextClassifier2.0.mlmodel in Sources */ = {isa = PBXBuildFile; fileRef = 1DC060D827F75203003D4E17 /* TripleTextClassifier2.0.mlmodel */; };
		1DE69BCA27F729CA001C766F /* Advisor.swift in Sources */ = {isa = PBXBuildFile; fileRef = 1DE69BC927F729CA001C766F /* Advisor.swift */; };
/* End PBXBuildFile section */

/* Begin PBXFileReference section */
		1D424B4E27F50228004715BC /* SmartChat.app */ = {isa = PBXFileReference; explicitFileType = wrapper.application; includeInIndex = 0; path = SmartChat.app; sourceTree = BUILT_PRODUCTS_DIR; };
		1D424B5127F50228004715BC /* SmartChatApp.swift */ = {isa = PBXFileReference; lastKnownFileType = sourcecode.swift; path = SmartChatApp.swift; sourceTree = "<group>"; };
		1D424B5327F50228004715BC /* ContentView.swift */ = {isa = PBXFileReference; lastKnownFileType = sourcecode.swift; path = ContentView.swift; sourceTree = "<group>"; };
		1D424B5527F5022A004715BC /* Assets.xcassets */ = {isa = PBXFileReference; lastKnownFileType = folder.assetcatalog; path = Assets.xcassets; sourceTree = "<group>"; };
		1D424B5827F5022A004715BC /* Preview Assets.xcassets */ = {isa = PBXFileReference; lastKnownFileType = folder.assetcatalog; path = "Preview Assets.xcassets"; sourceTree = "<group>"; };
		1D424B5F27F5025C004715BC /* StoreSmartChat.swift */ = {isa = PBXFileReference; lastKnownFileType = sourcecode.swift; path = StoreSmartChat.swift; sourceTree = "<group>"; };
		1D424B6127F5026D004715BC /* ModelSmartChat.swift */ = {isa = PBXFileReference; lastKnownFileType = sourcecode.swift; path = ModelSmartChat.swift; sourceTree = "<group>"; };
		1DC060D827F75203003D4E17 /* TripleTextClassifier2.0.mlmodel */ = {isa = PBXFileReference; lastKnownFileType = file.mlmodel; path = TripleTextClassifier2.0.mlmodel; sourceTree = "<group>"; };
		1DE69BC927F729CA001C766F /* Advisor.swift */ = {isa = PBXFileReference; lastKnownFileType = sourcecode.swift; path = Advisor.swift; sourceTree = "<group>"; };
/* End PBXFileReference section */

/* Begin PBXFrameworksBuildPhase section */
		1D424B4B27F50228004715BC /* Frameworks */ = {
			isa = PBXFrameworksBuildPhase;
			buildActionMask = 2147483647;
			files = (
			);
			runOnlyForDeploymentPostprocessing = 0;
		};
/* End PBXFrameworksBuildPhase section */

/* Begin PBXGroup section */
		1D424B4527F50227004715BC = {
			isa = PBXGroup;
			children = (
				1D424B5027F50228004715BC /* SmartChat */,
				1D424B4F27F50228004715BC /* Products */,
			);
			sourceTree = "<group>";
		};
		1D424B4F27F50228004715BC /* Products */ = {
			isa = PBXGroup;
			children = (
				1D424B4E27F50228004715BC /* SmartChat.app */,
			);
			name = Products;
			sourceTree = "<group>";
		};
		1D424B5027F50228004715BC /* SmartChat */ = {
			isa = PBXGroup;
			children = (
				1DC060D827F75203003D4E17 /* TripleTextClassifier2.0.mlmodel */,
				1DE69BC927F729CA001C766F /* Advisor.swift */,
				1D424B5127F50228004715BC /* SmartChatApp.swift */,
				1D424B5327F50228004715BC /* ContentView.swift */,
				1D424B5F27F5025C004715BC /* StoreSmartChat.swift */,
				1D424B6127F5026D004715BC /* ModelSmartChat.swift */,
				1D424B5527F5022A004715BC /* Assets.xcassets */,
				1D424B5727F5022A004715BC /* Preview Content */,
			);
			path = SmartChat;
			sourceTree = "<group>";
		};
		1D424B5727F5022A004715BC /* Preview Content */ = {
			isa = PBXGroup;
			children = (
				1D424B5827F5022A004715BC /* Preview Assets.xcassets */,
			);
			path = "Preview Content";
			sourceTree = "<group>";
		};
/* End PBXGroup section */

/* Begin PBXNativeTarget section */
		1D424B4D27F50228004715BC /* SmartChat */ = {
			isa = PBXNativeTarget;
			buildConfigurationList = 1D424B5C27F5022A004715BC /* Build configuration list for PBXNativeTarget "SmartChat" */;
			buildPhases = (
				1D424B4A27F50228004715BC /* Sources */,
				1D424B4B27F50228004715BC /* Frameworks */,
				1D424B4C27F50228004715BC /* Resources */,
			);
			buildRules = (
			);
			dependencies = (
			);
			name = SmartChat;
			productName = SmartChat;
			productReference = 1D424B4E27F50228004715BC /* SmartChat.app */;
			productType = "com.apple.product-type.application";
		};
/* End PBXNativeTarget section */

/* Begin PBXProject section */
		1D424B4627F50227004715BC /* Project object */ = {
			isa = PBXProject;
			attributes = {
				BuildIndependentTargetsInParallel = 1;
				LastSwiftUpdateCheck = 1320;
				LastUpgradeCheck = 1320;
				TargetAttributes = {
					1D424B4D27F50228004715BC = {
						CreatedOnToolsVersion = 13.2.1;
					};
				};
			};
			buildConfigurationList = 1D424B4927F50227004715BC /* Build configuration list for PBXProject "SmartChat" */;
			compatibilityVersion = "Xcode 13.0";
			developmentRegion = en;
			hasScannedForEncodings = 0;
			knownRegions = (
				en,
				Base,
			);
			mainGroup = 1D424B4527F50227004715BC;
			productRefGroup = 1D424B4F27F50228004715BC /* Products */;
			projectDirPath = "";
			projectRoot = "";
			targets = (
				1D424B4D27F50228004715BC /* SmartChat */,
			);
		};
/* End PBXProject section */

/* Begin PBXResourcesBuildPhase section */
		1D424B4C27F50228004715BC /* Resources */ = {
			isa = PBXResourcesBuildPhase;
			buildActionMask = 2147483647;
			files = (
				1D424B5927F5022A004715BC /* Preview Assets.xcassets in Resources */,
				1D424B5627F5022A004715BC /* Assets.xcassets in Resources */,
			);
			runOnlyForDeploymentPostprocessing = 0;
		};
/* End PBXResourcesBuildPhase section */

/* Begin PBXSourcesBuildPhase section */
		1D424B4A27F50228004715BC /* Sources */ = {
			isa = PBXSourcesBuildPhase;
			buildActionMask = 2147483647;
			files = (
				1D424B6027F5025C004715BC /* StoreSmartChat.swift in Sources */,
				1D424B5427F50228004715BC /* ContentView.swift in Sources */,
				1D424B5227F50228004715BC /* SmartChatApp.swift in Sources */,
				1DC060D927F75203003D4E17 /* TripleTextClassifier2.0.mlmodel in Sources */,
				1DE69BCA27F729CA001C766F /* Advisor.swift in Sources */,
				1D424B6227F5026D004715BC /* ModelSmartChat.swift in Sources */,
			);
			runOnlyForDeploymentPostprocessing = 0;
		};
/* End PBXSourcesBuildPhase section */

/* Begin XCBuildConfiguration section */
		1D424B5A27F5022A004715BC /* Debug */ = {
			isa = XCBuildConfiguration;
			buildSettings = {
				ALWAYS_SEARCH_USER_PATHS = NO;
				CLANG_ANALYZER_NONNULL = YES;
				CLANG_ANALYZER_NUMBER_OBJECT_CONVERSION = YES_AGGRESSIVE;
				CLANG_CXX_LANGUAGE_STANDARD = "gnu++17";
				CLANG_CXX_LIBRARY = "libc++";
				CLANG_ENABLE_MODULES = YES;
				CLANG_ENABLE_OBJC_ARC = YES;
				CLANG_ENABLE_OBJC_WEAK = YES;
				CLANG_WARN_BLOCK_CAPTURE_AUTORELEASING = YES;
				CLANG_WARN_BOOL_CONVERSION = YES;
				CLANG_WARN_COMMA = YES;
				CLANG_WARN_CONSTANT_CONVERSION = YES;
				CLANG_WARN_DEPRECATED_OBJC_IMPLEMENTATIONS = YES;
				CLANG_WARN_DIRECT_OBJC_ISA_USAGE = YES_ERROR;
				CLANG_WARN_DOCUMENTATION_COMMENTS = YES;
				CLANG_WARN_EMPTY_BODY = YES;
				CLANG_WARN_ENUM_CONVERSION = YES;
				CLANG_WARN_INFINITE_RECURSION = YES;
				CLANG_WARN_INT_CONVERSION = YES;
				CLANG_WARN_NON_LITERAL_NULL_CONVERSION = YES;
				CLANG_WARN_OBJC_IMPLICIT_RETAIN_SELF = YES;
				CLANG_WARN_OBJC_LITERAL_CONVERSION = YES;
				CLANG_WARN_OBJC_ROOT_CLASS = YES_ERROR;
				CLANG_WARN_QUOTED_INCLUDE_IN_FRAMEWORK_HEADER = YES;
				CLANG_WARN_RANGE_LOOP_ANALYSIS = YES;
				CLANG_WARN_STRICT_PROTOTYPES = YES;
				CLANG_WARN_SUSPICIOUS_MOVE = YES;
				CLANG_WARN_UNGUARDED_AVAILABILITY = YES_AGGRESSIVE;
				CLANG_WARN_UNREACHABLE_CODE = YES;
				CLANG_WARN__DUPLICATE_METHOD_MATCH = YES;
				COPY_PHASE_STRIP = NO;
				DEBUG_INFORMATION_FORMAT = dwarf;
				ENABLE_STRICT_OBJC_MSGSEND = YES;
				ENABLE_TESTABILITY = YES;
				GCC_C_LANGUAGE_STANDARD = gnu11;
				GCC_DYNAMIC_NO_PIC = NO;
				GCC_NO_COMMON_BLOCKS = YES;
				GCC_OPTIMIZATION_LEVEL = 0;
				GCC_PREPROCESSOR_DEFINITIONS = (
					"DEBUG=1",
					"$(inherited)",
				);
				GCC_WARN_64_TO_32_BIT_CONVERSION = YES;
				GCC_WARN_ABOUT_RETURN_TYPE = YES_ERROR;
				GCC_WARN_UNDECLARED_SELECTOR = YES;
				GCC_WARN_UNINITIALIZED_AUTOS = YES_AGGRESSIVE;
				GCC_WARN_UNUSED_FUNCTION = YES;
				GCC_WARN_UNUSED_VARIABLE = YES;
				IPHONEOS_DEPLOYMENT_TARGET = 15.2;
				MTL_ENABLE_DEBUG_INFO = INCLUDE_SOURCE;
				MTL_FAST_MATH = YES;
				ONLY_ACTIVE_ARCH = YES;
				SDKROOT = iphoneos;
				SWIFT_ACTIVE_COMPILATION_CONDITIONS = DEBUG;
				SWIFT_OPTIMIZATION_LEVEL = "-Onone";
			};
			name = Debug;
		};
		1D424B5B27F5022A004715BC /* Release */ = {
			isa = XCBuildConfiguration;
			buildSettings = {
				ALWAYS_SEARCH_USER_PATHS = NO;
				CLANG_ANALYZER_NONNULL = YES;
				CLANG_ANALYZER_NUMBER_OBJECT_CONVERSION = YES_AGGRESSIVE;
				CLANG_CXX_LANGUAGE_STANDARD = "gnu++17";
				CLANG_CXX_LIBRARY = "libc++";
				CLANG_ENABLE_MODULES = YES;
				CLANG_ENABLE_OBJC_ARC = YES;
				CLANG_ENABLE_OBJC_WEAK = YES;
				CLANG_WARN_BLOCK_CAPTURE_AUTORELEASING = YES;
				CLANG_WARN_BOOL_CONVERSION = YES;
				CLANG_WARN_COMMA = YES;
				CLANG_WARN_CONSTANT_CONVERSION = YES;
				CLANG_WARN_DEPRECATED_OBJC_IMPLEMENTATIONS = YES;
				CLANG_WARN_DIRECT_OBJC_ISA_USAGE = YES_ERROR;
				CLANG_WARN_DOCUMENTATION_COMMENTS = YES;
				CLANG_WARN_EMPTY_BODY = YES;
				CLANG_WARN_ENUM_CONVERSION = YES;
				CLANG_WARN_INFINITE_RECURSION = YES;
				CLANG_WARN_INT_CONVERSION = YES;
				CLANG_WARN_NON_LITERAL_NULL_CONVERSION = YES;
				CLANG_WARN_OBJC_IMPLICIT_RETAIN_SELF = YES;
				CLANG_WARN_OBJC_LITERAL_CONVERSION = YES;
				CLANG_WARN_OBJC_ROOT_CLASS = YES_ERROR;
				CLANG_WARN_QUOTED_INCLUDE_IN_FRAMEWORK_HEADER = YES;
				CLANG_WARN_RANGE_LOOP_ANALYSIS = YES;
				CLANG_WARN_STRICT_PROTOTYPES = YES;
				CLANG_WARN_SUSPICIOUS_MOVE = YES;
				CLANG_WARN_UNGUARDED_AVAILABILITY = YES_AGGRESSIVE;
				CLANG_WARN_UNREACHABLE_CODE = YES;
				CLANG_WARN__DUPLICATE_METHOD_MATCH = YES;
				COPY_PHASE_STRIP = NO;
				DEBUG_INFORMATION_FORMAT = "dwarf-with-dsym";
				ENABLE_NS_ASSERTIONS = NO;
				ENABLE_STRICT_OBJC_MSGSEND = YES;
				GCC_C_LANGUAGE_STANDARD = gnu11;
				GCC_NO_COMMON_BLOCKS = YES;
				GCC_WARN_64_TO_32_BIT_CONVERSION = YES;
				GCC_WARN_ABOUT_RETURN_TYPE = YES_ERROR;
				GCC_WARN_UNDECLARED_SELECTOR = YES;
				GCC_WARN_UNINITIALIZED_AUTOS = YES_AGGRESSIVE;
				GCC_WARN_UNUSED_FUNCTION = YES;
				GCC_WARN_UNUSED_VARIABLE = YES;
				IPHONEOS_DEPLOYMENT_TARGET = 15.2;
				MTL_ENABLE_DEBUG_INFO = NO;
				MTL_FAST_MATH = YES;
				SDKROOT = iphoneos;
				SWIFT_COMPILATION_MODE = wholemodule;
				SWIFT_OPTIMIZATION_LEVEL = "-O";
				VALIDATE_PRODUCT = YES;
			};
			name = Release;
		};
		1D424B5D27F5022A004715BC /* Debug */ = {
			isa = XCBuildConfiguration;
			buildSettings = {
				ASSETCATALOG_COMPILER_APPICON_NAME = AppIcon;
				ASSETCATALOG_COMPILER_GLOBAL_ACCENT_COLOR_NAME = AccentColor;
				CODE_SIGN_STYLE = Automatic;
				CURRENT_PROJECT_VERSION = 1;
				DEVELOPMENT_ASSET_PATHS = "\"SmartChat/Preview Content\"";
				DEVELOPMENT_TEAM = USC938GT8B;
				ENABLE_PREVIEWS = YES;
				GENERATE_INFOPLIST_FILE = YES;
				INFOPLIST_KEY_UIApplicationSceneManifest_Generation = YES;
				INFOPLIST_KEY_UIApplicationSupportsIndirectInputEvents = YES;
				INFOPLIST_KEY_UILaunchScreen_Generation = YES;
				INFOPLIST_KEY_UISupportedInterfaceOrientations_iPad = "UIInterfaceOrientationPortrait UIInterfaceOrientationPortraitUpsideDown UIInterfaceOrientationLandscapeLeft UIInterfaceOrientationLandscapeRight";
				INFOPLIST_KEY_UISupportedInterfaceOrientations_iPhone = "UIInterfaceOrientationPortrait UIInterfaceOrientationLandscapeLeft UIInterfaceOrientationLandscapeRight";
				LD_RUNPATH_SEARCH_PATHS = (
					"$(inherited)",
					"@executable_path/Frameworks",
				);
				MARKETING_VERSION = 1.0;
				PRODUCT_BUNDLE_IDENTIFIER = com.RiccardoRuocco.SmartChat;
				PRODUCT_NAME = "$(TARGET_NAME)";
				SWIFT_EMIT_LOC_STRINGS = YES;
				SWIFT_VERSION = 5.0;
				TARGETED_DEVICE_FAMILY = "1,2";
			};
			name = Debug;
		};
		1D424B5E27F5022A004715BC /* Release */ = {
			isa = XCBuildConfiguration;
			buildSettings = {
				ASSETCATALOG_COMPILER_APPICON_NAME = AppIcon;
				ASSETCATALOG_COMPILER_GLOBAL_ACCENT_COLOR_NAME = AccentColor;
				CODE_SIGN_STYLE = Automatic;
				CURRENT_PROJECT_VERSION = 1;
				DEVELOPMENT_ASSET_PATHS = "\"SmartChat/Preview Content\"";
				DEVELOPMENT_TEAM = USC938GT8B;
				ENABLE_PREVIEWS = YES;
				GENERATE_INFOPLIST_FILE = YES;
				INFOPLIST_KEY_UIApplicationSceneManifest_Generation = YES;
				INFOPLIST_KEY_UIApplicationSupportsIndirectInputEvents = YES;
				INFOPLIST_KEY_UILaunchScreen_Generation = YES;
				INFOPLIST_KEY_UISupportedInterfaceOrientations_iPad = "UIInterfaceOrientationPortrait UIInterfaceOrientationPortraitUpsideDown UIInterfaceOrientationLandscapeLeft UIInterfaceOrientationLandscapeRight";
				INFOPLIST_KEY_UISupportedInterfaceOrientations_iPhone = "UIInterfaceOrientationPortrait UIInterfaceOrientationLandscapeLeft UIInterfaceOrientationLandscapeRight";
				LD_RUNPATH_SEARCH_PATHS = (
					"$(inherited)",
					"@executable_path/Frameworks",
				);
				MARKETING_VERSION = 1.0;
				PRODUCT_BUNDLE_IDENTIFIER = com.RiccardoRuocco.SmartChat;
				PRODUCT_NAME = "$(TARGET_NAME)";
				SWIFT_EMIT_LOC_STRINGS = YES;
				SWIFT_VERSION = 5.0;
				TARGETED_DEVICE_FAMILY = "1,2";
			};
			name = Release;
		};
/* End XCBuildConfiguration section */

/* Begin XCConfigurationList section */
		1D424B4927F50227004715BC /* Build configuration list for PBXProject "SmartChat" */ = {
			isa = XCConfigurationList;
			buildConfigurations = (
				1D424B5A27F5022A004715BC /* Debug */,
				1D424B5B27F5022A004715BC /* Release */,
			);
			defaultConfigurationIsVisible = 0;
			defaultConfigurationName = Release;
		};
		1D424B5C27F5022A004715BC /* Build configuration list for PBXNativeTarget "SmartChat" */ = {
			isa = XCConfigurationList;
			buildConfigurations = (
				1D424B5D27F5022A004715BC /* Debug */,
				1D424B5E27F5022A004715BC /* Release */,
			);
			defaultConfigurationIsVisible = 0;
			defaultConfigurationName = Release;
		};
/* End XCConfigurationList section */
	};
	rootObject = 1D424B4627F50227004715BC /* Project object */;
}
